// !$*UTF8*$!
{
	archiveVersion = 1;
	classes = {
	};
	objectVersion = 50;
	objects = {

/* Begin PBXBuildFile section */
		33273EAE835C841A054A9A5C /* Pods_TesteDrConsultaRefactor.framework in Frameworks */ = {isa = PBXBuildFile; fileRef = BE7132CE4D105F07EFD373B2 /* Pods_TesteDrConsultaRefactor.framework */; };
		4920016120E902800002E6AC /* AppDelegate.swift in Sources */ = {isa = PBXBuildFile; fileRef = 4920016020E902800002E6AC /* AppDelegate.swift */; };
		4920016820E902810002E6AC /* Assets.xcassets in Resources */ = {isa = PBXBuildFile; fileRef = 4920016720E902810002E6AC /* Assets.xcassets */; };
		4920016B20E902810002E6AC /* LaunchScreen.storyboard in Resources */ = {isa = PBXBuildFile; fileRef = 4920016920E902810002E6AC /* LaunchScreen.storyboard */; };
		4920017320E902CB0002E6AC /* GlobalVariables.swift in Sources */ = {isa = PBXBuildFile; fileRef = 4920017220E902CB0002E6AC /* GlobalVariables.swift */; };
		4920017C20E9115E0002E6AC /* GameFilterViewController.swift in Sources */ = {isa = PBXBuildFile; fileRef = 4920017B20E9115E0002E6AC /* GameFilterViewController.swift */; };
		4920017E20E9171A0002E6AC /* Colors.swift in Sources */ = {isa = PBXBuildFile; fileRef = 4920017D20E9171A0002E6AC /* Colors.swift */; };
		4920018420E91BF90002E6AC /* Game.swift in Sources */ = {isa = PBXBuildFile; fileRef = 4920018320E91BF90002E6AC /* Game.swift */; };
		493FA2B020ECEACE000EFB2C /* FilterViewController.swift in Sources */ = {isa = PBXBuildFile; fileRef = 493FA2AF20ECEACE000EFB2C /* FilterViewController.swift */; };
		493FA2B220ECEEFB000EFB2C /* UIImageView.swift in Sources */ = {isa = PBXBuildFile; fileRef = 493FA2B120ECEEFB000EFB2C /* UIImageView.swift */; };
		4976609A20EC20B40003C2B1 /* Game.storyboard in Resources */ = {isa = PBXBuildFile; fileRef = 4976609920EC20B40003C2B1 /* Game.storyboard */; };
		4976609D20EC21C60003C2B1 /* GamesTableViewCell.swift in Sources */ = {isa = PBXBuildFile; fileRef = 4976609B20EC21C60003C2B1 /* GamesTableViewCell.swift */; };
		4976609E20EC21C60003C2B1 /* GamesTableViewCell.xib in Resources */ = {isa = PBXBuildFile; fileRef = 4976609C20EC21C60003C2B1 /* GamesTableViewCell.xib */; };
		49ACA88220EB849700826F4F /* GameDetailsViewController.swift in Sources */ = {isa = PBXBuildFile; fileRef = 49ACA88120EB849700826F4F /* GameDetailsViewController.swift */; };
		49EEFBC420EAE74000259E1F /* GameListDataSource.swift in Sources */ = {isa = PBXBuildFile; fileRef = 49EEFBC320EAE74000259E1F /* GameListDataSource.swift */; };
/* End PBXBuildFile section */

/* Begin PBXFileReference section */
		4920015D20E902800002E6AC /* TesteDrConsultaRefactor.app */ = {isa = PBXFileReference; explicitFileType = wrapper.application; includeInIndex = 0; path = TesteDrConsultaRefactor.app; sourceTree = BUILT_PRODUCTS_DIR; };
		4920016020E902800002E6AC /* AppDelegate.swift */ = {isa = PBXFileReference; lastKnownFileType = sourcecode.swift; path = AppDelegate.swift; sourceTree = "<group>"; };
		4920016720E902810002E6AC /* Assets.xcassets */ = {isa = PBXFileReference; lastKnownFileType = folder.assetcatalog; path = Assets.xcassets; sourceTree = "<group>"; };
		4920016A20E902810002E6AC /* Base */ = {isa = PBXFileReference; lastKnownFileType = file.storyboard; name = Base; path = Base.lproj/LaunchScreen.storyboard; sourceTree = "<group>"; };
		4920016C20E902820002E6AC /* Info.plist */ = {isa = PBXFileReference; lastKnownFileType = text.plist.xml; path = Info.plist; sourceTree = "<group>"; };
		4920017220E902CB0002E6AC /* GlobalVariables.swift */ = {isa = PBXFileReference; lastKnownFileType = sourcecode.swift; path = GlobalVariables.swift; sourceTree = "<group>"; };
		4920017B20E9115E0002E6AC /* GameFilterViewController.swift */ = {isa = PBXFileReference; lastKnownFileType = sourcecode.swift; path = GameFilterViewController.swift; sourceTree = "<group>"; };
		4920017D20E9171A0002E6AC /* Colors.swift */ = {isa = PBXFileReference; lastKnownFileType = sourcecode.swift; path = Colors.swift; sourceTree = "<group>"; };
		4920018320E91BF90002E6AC /* Game.swift */ = {isa = PBXFileReference; lastKnownFileType = sourcecode.swift; path = Game.swift; sourceTree = "<group>"; };
		493FA2AF20ECEACE000EFB2C /* FilterViewController.swift */ = {isa = PBXFileReference; lastKnownFileType = sourcecode.swift; path = FilterViewController.swift; sourceTree = "<group>"; };
		493FA2B120ECEEFB000EFB2C /* UIImageView.swift */ = {isa = PBXFileReference; lastKnownFileType = sourcecode.swift; path = UIImageView.swift; sourceTree = "<group>"; };
		4976609920EC20B40003C2B1 /* Game.storyboard */ = {isa = PBXFileReference; lastKnownFileType = file.storyboard; path = Game.storyboard; sourceTree = "<group>"; };
		4976609B20EC21C60003C2B1 /* GamesTableViewCell.swift */ = {isa = PBXFileReference; lastKnownFileType = sourcecode.swift; path = GamesTableViewCell.swift; sourceTree = "<group>"; };
		4976609C20EC21C60003C2B1 /* GamesTableViewCell.xib */ = {isa = PBXFileReference; lastKnownFileType = file.xib; path = GamesTableViewCell.xib; sourceTree = "<group>"; };
		49ACA88120EB849700826F4F /* GameDetailsViewController.swift */ = {isa = PBXFileReference; lastKnownFileType = sourcecode.swift; path = GameDetailsViewController.swift; sourceTree = "<group>"; };
		49EEFBC320EAE74000259E1F /* GameListDataSource.swift */ = {isa = PBXFileReference; lastKnownFileType = sourcecode.swift; path = GameListDataSource.swift; sourceTree = "<group>"; };
		955B112782D9A0BAF8552D66 /* Pods-TesteDrConsultaRefactor.release.xcconfig */ = {isa = PBXFileReference; includeInIndex = 1; lastKnownFileType = text.xcconfig; name = "Pods-TesteDrConsultaRefactor.release.xcconfig"; path = "Pods/Target Support Files/Pods-TesteDrConsultaRefactor/Pods-TesteDrConsultaRefactor.release.xcconfig"; sourceTree = "<group>"; };
		BE7132CE4D105F07EFD373B2 /* Pods_TesteDrConsultaRefactor.framework */ = {isa = PBXFileReference; explicitFileType = wrapper.framework; includeInIndex = 0; path = Pods_TesteDrConsultaRefactor.framework; sourceTree = BUILT_PRODUCTS_DIR; };
		E5235D48D60F34B9180F44E4 /* Pods-TesteDrConsultaRefactor.debug.xcconfig */ = {isa = PBXFileReference; includeInIndex = 1; lastKnownFileType = text.xcconfig; name = "Pods-TesteDrConsultaRefactor.debug.xcconfig"; path = "Pods/Target Support Files/Pods-TesteDrConsultaRefactor/Pods-TesteDrConsultaRefactor.debug.xcconfig"; sourceTree = "<group>"; };
/* End PBXFileReference section */

/* Begin PBXFrameworksBuildPhase section */
		4920015A20E902800002E6AC /* Frameworks */ = {
			isa = PBXFrameworksBuildPhase;
			buildActionMask = 2147483647;
			files = (
				33273EAE835C841A054A9A5C /* Pods_TesteDrConsultaRefactor.framework in Frameworks */,
			);
			runOnlyForDeploymentPostprocessing = 0;
		};
/* End PBXFrameworksBuildPhase section */

/* Begin PBXGroup section */
		4920015420E902800002E6AC = {
			isa = PBXGroup;
			children = (
				4920015F20E902800002E6AC /* TesteDrConsultaRefactor */,
				4920015E20E902800002E6AC /* Products */,
				E27A4C87EAFFCA2F59B9C22E /* Pods */,
				B7A71D2C7855BBDAC604C221 /* Frameworks */,
			);
			sourceTree = "<group>";
		};
		4920015E20E902800002E6AC /* Products */ = {
			isa = PBXGroup;
			children = (
				4920015D20E902800002E6AC /* TesteDrConsultaRefactor.app */,
			);
			name = Products;
			sourceTree = "<group>";
		};
		4920015F20E902800002E6AC /* TesteDrConsultaRefactor */ = {
			isa = PBXGroup;
			children = (
				4920017620E903290002E6AC /* Controller */,
				4920017520E902F40002E6AC /* Requests */,
				4920017420E902E20002E6AC /* Extension */,
				4920016020E902800002E6AC /* AppDelegate.swift */,
				4920016720E902810002E6AC /* Assets.xcassets */,
				4920016920E902810002E6AC /* LaunchScreen.storyboard */,
				4920016C20E902820002E6AC /* Info.plist */,
			);
			path = TesteDrConsultaRefactor;
			sourceTree = "<group>";
		};
		4920017420E902E20002E6AC /* Extension */ = {
			isa = PBXGroup;
			children = (
				4920017220E902CB0002E6AC /* GlobalVariables.swift */,
				4920017D20E9171A0002E6AC /* Colors.swift */,
				493FA2B120ECEEFB000EFB2C /* UIImageView.swift */,
			);
			path = Extension;
			sourceTree = "<group>";
		};
		4920017520E902F40002E6AC /* Requests */ = {
			isa = PBXGroup;
			children = (
			);
			path = Requests;
			sourceTree = "<group>";
		};
		4920017620E903290002E6AC /* Controller */ = {
			isa = PBXGroup;
			children = (
				4920017720E903390002E6AC /* Games */,
			);
			path = Controller;
			sourceTree = "<group>";
		};
		4920017720E903390002E6AC /* Games */ = {
			isa = PBXGroup;
			children = (
				49EEFBC220EAE72300259E1F /* DataSource */,
				4920017820E90B1F0002E6AC /* Filter */,
				4920018220E91BEA0002E6AC /* Model */,
				4920017F20E91B600002E6AC /* Cell */,
				4920017B20E9115E0002E6AC /* GameFilterViewController.swift */,
				49ACA88120EB849700826F4F /* GameDetailsViewController.swift */,
				4976609920EC20B40003C2B1 /* Game.storyboard */,
			);
			path = Games;
			sourceTree = "<group>";
		};
		4920017820E90B1F0002E6AC /* Filter */ = {
			isa = PBXGroup;
			children = (
				493FA2AF20ECEACE000EFB2C /* FilterViewController.swift */,
			);
			path = Filter;
			sourceTree = "<group>";
		};
		4920017F20E91B600002E6AC /* Cell */ = {
			isa = PBXGroup;
			children = (
				4976609B20EC21C60003C2B1 /* GamesTableViewCell.swift */,
				4976609C20EC21C60003C2B1 /* GamesTableViewCell.xib */,
			);
			path = Cell;
			sourceTree = "<group>";
		};
		4920018220E91BEA0002E6AC /* Model */ = {
			isa = PBXGroup;
			children = (
				4920018320E91BF90002E6AC /* Game.swift */,
			);
			path = Model;
			sourceTree = "<group>";
		};
		49EEFBC220EAE72300259E1F /* DataSource */ = {
			isa = PBXGroup;
			children = (
				49EEFBC320EAE74000259E1F /* GameListDataSource.swift */,
			);
			path = DataSource;
			sourceTree = "<group>";
		};
		B7A71D2C7855BBDAC604C221 /* Frameworks */ = {
			isa = PBXGroup;
			children = (
				BE7132CE4D105F07EFD373B2 /* Pods_TesteDrConsultaRefactor.framework */,
			);
			name = Frameworks;
			sourceTree = "<group>";
		};
		E27A4C87EAFFCA2F59B9C22E /* Pods */ = {
			isa = PBXGroup;
			children = (
				E5235D48D60F34B9180F44E4 /* Pods-TesteDrConsultaRefactor.debug.xcconfig */,
				955B112782D9A0BAF8552D66 /* Pods-TesteDrConsultaRefactor.release.xcconfig */,
			);
			name = Pods;
			sourceTree = "<group>";
		};
/* End PBXGroup section */

/* Begin PBXNativeTarget section */
		4920015C20E902800002E6AC /* TesteDrConsultaRefactor */ = {
			isa = PBXNativeTarget;
			buildConfigurationList = 4920016F20E902820002E6AC /* Build configuration list for PBXNativeTarget "TesteDrConsultaRefactor" */;
			buildPhases = (
				20A0FED9FBE2276866C1F700 /* [CP] Check Pods Manifest.lock */,
				4920015920E902800002E6AC /* Sources */,
				4920015A20E902800002E6AC /* Frameworks */,
				4920015B20E902800002E6AC /* Resources */,
				D2717C712032FBD39EC9E647 /* [CP] Embed Pods Frameworks */,
			);
			buildRules = (
			);
			dependencies = (
			);
			name = TesteDrConsultaRefactor;
			productName = TesteDrConsultaRefactor;
			productReference = 4920015D20E902800002E6AC /* TesteDrConsultaRefactor.app */;
			productType = "com.apple.product-type.application";
		};
/* End PBXNativeTarget section */

/* Begin PBXProject section */
		4920015520E902800002E6AC /* Project object */ = {
			isa = PBXProject;
			attributes = {
				LastSwiftUpdateCheck = 0940;
				LastUpgradeCheck = 0940;
				ORGANIZATIONNAME = "Rodrigo Vianna";
				TargetAttributes = {
					4920015C20E902800002E6AC = {
						CreatedOnToolsVersion = 9.4.1;
					};
				};
			};
			buildConfigurationList = 4920015820E902800002E6AC /* Build configuration list for PBXProject "TesteDrConsultaRefactor" */;
			compatibilityVersion = "Xcode 9.3";
			developmentRegion = en;
			hasScannedForEncodings = 0;
			knownRegions = (
				en,
				Base,
			);
			mainGroup = 4920015420E902800002E6AC;
			productRefGroup = 4920015E20E902800002E6AC /* Products */;
			projectDirPath = "";
			projectRoot = "";
			targets = (
				4920015C20E902800002E6AC /* TesteDrConsultaRefactor */,
			);
		};
/* End PBXProject section */

/* Begin PBXResourcesBuildPhase section */
		4920015B20E902800002E6AC /* Resources */ = {
			isa = PBXResourcesBuildPhase;
			buildActionMask = 2147483647;
			files = (
				4976609A20EC20B40003C2B1 /* Game.storyboard in Resources */,
				4920016B20E902810002E6AC /* LaunchScreen.storyboard in Resources */,
				4920016820E902810002E6AC /* Assets.xcassets in Resources */,
				4976609E20EC21C60003C2B1 /* GamesTableViewCell.xib in Resources */,
			);
			runOnlyForDeploymentPostprocessing = 0;
		};
/* End PBXResourcesBuildPhase section */

/* Begin PBXShellScriptBuildPhase section */
		20A0FED9FBE2276866C1F700 /* [CP] Check Pods Manifest.lock */ = {
			isa = PBXShellScriptBuildPhase;
			buildActionMask = 2147483647;
			files = (
			);
			inputPaths = (
				"${PODS_PODFILE_DIR_PATH}/Podfile.lock",
				"${PODS_ROOT}/Manifest.lock",
			);
			name = "[CP] Check Pods Manifest.lock";
			outputPaths = (
				"$(DERIVED_FILE_DIR)/Pods-TesteDrConsultaRefactor-checkManifestLockResult.txt",
			);
			runOnlyForDeploymentPostprocessing = 0;
			shellPath = /bin/sh;
			shellScript = "diff \"${PODS_PODFILE_DIR_PATH}/Podfile.lock\" \"${PODS_ROOT}/Manifest.lock\" > /dev/null\nif [ $? != 0 ] ; then\n    # print error to STDERR\n    echo \"error: The sandbox is not in sync with the Podfile.lock. Run 'pod install' or update your CocoaPods installation.\" >&2\n    exit 1\nfi\n# This output is used by Xcode 'outputs' to avoid re-running this script phase.\necho \"SUCCESS\" > \"${SCRIPT_OUTPUT_FILE_0}\"\n";
			showEnvVarsInLog = 0;
		};
		D2717C712032FBD39EC9E647 /* [CP] Embed Pods Frameworks */ = {
			isa = PBXShellScriptBuildPhase;
			buildActionMask = 2147483647;
			files = (
			);
			inputPaths = (
				"${SRCROOT}/Pods/Target Support Files/Pods-TesteDrConsultaRefactor/Pods-TesteDrConsultaRefactor-frameworks.sh",
				"${BUILT_PRODUCTS_DIR}/Alamofire/Alamofire.framework",
				"${BUILT_PRODUCTS_DIR}/SwiftyJSON/SwiftyJSON.framework",
			);
			name = "[CP] Embed Pods Frameworks";
			outputPaths = (
				"${TARGET_BUILD_DIR}/${FRAMEWORKS_FOLDER_PATH}/Alamofire.framework",
				"${TARGET_BUILD_DIR}/${FRAMEWORKS_FOLDER_PATH}/SwiftyJSON.framework",
			);
			runOnlyForDeploymentPostprocessing = 0;
			shellPath = /bin/sh;
			shellScript = "\"${SRCROOT}/Pods/Target Support Files/Pods-TesteDrConsultaRefactor/Pods-TesteDrConsultaRefactor-frameworks.sh\"\n";
			showEnvVarsInLog = 0;
		};
/* End PBXShellScriptBuildPhase section */

/* Begin PBXSourcesBuildPhase section */
		4920015920E902800002E6AC /* Sources */ = {
			isa = PBXSourcesBuildPhase;
			buildActionMask = 2147483647;
			files = (
				4920017C20E9115E0002E6AC /* GameFilterViewController.swift in Sources */,
				4976609D20EC21C60003C2B1 /* GamesTableViewCell.swift in Sources */,
				49ACA88220EB849700826F4F /* GameDetailsViewController.swift in Sources */,
				493FA2B020ECEACE000EFB2C /* FilterViewController.swift in Sources */,
				4920018420E91BF90002E6AC /* Game.swift in Sources */,
				4920017E20E9171A0002E6AC /* Colors.swift in Sources */,
				493FA2B220ECEEFB000EFB2C /* UIImageView.swift in Sources */,
				49EEFBC420EAE74000259E1F /* GameListDataSource.swift in Sources */,
				4920017320E902CB0002E6AC /* GlobalVariables.swift in Sources */,
				4920016120E902800002E6AC /* AppDelegate.swift in Sources */,
			);
			runOnlyForDeploymentPostprocessing = 0;
		};
/* End PBXSourcesBuildPhase section */

/* Begin PBXVariantGroup section */
		4920016920E902810002E6AC /* LaunchScreen.storyboard */ = {
			isa = PBXVariantGroup;
			children = (
				4920016A20E902810002E6AC /* Base */,
			);
			name = LaunchScreen.storyboard;
			sourceTree = "<group>";
		};
/* End PBXVariantGroup section */

/* Begin XCBuildConfiguration section */
		4920016D20E902820002E6AC /* Debug */ = {
			isa = XCBuildConfiguration;
			buildSettings = {
				ALWAYS_SEARCH_USER_PATHS = NO;
				CLANG_ANALYZER_NONNULL = YES;
				CLANG_ANALYZER_NUMBER_OBJECT_CONVERSION = YES_AGGRESSIVE;
				CLANG_CXX_LANGUAGE_STANDARD = "gnu++14";
				CLANG_CXX_LIBRARY = "libc++";
				CLANG_ENABLE_MODULES = YES;
				CLANG_ENABLE_OBJC_ARC = YES;
				CLANG_ENABLE_OBJC_WEAK = YES;
				CLANG_WARN_BLOCK_CAPTURE_AUTORELEASING = YES;
				CLANG_WARN_BOOL_CONVERSION = YES;
				CLANG_WARN_COMMA = YES;
				CLANG_WARN_CONSTANT_CONVERSION = YES;
				CLANG_WARN_DEPRECATED_OBJC_IMPLEMENTATIONS = YES;
				CLANG_WARN_DIRECT_OBJC_ISA_USAGE = YES_ERROR;
				CLANG_WARN_DOCUMENTATION_COMMENTS = YES;
				CLANG_WARN_EMPTY_BODY = YES;
				CLANG_WARN_ENUM_CONVERSION = YES;
				CLANG_WARN_INFINITE_RECURSION = YES;
				CLANG_WARN_INT_CONVERSION = YES;
				CLANG_WARN_NON_LITERAL_NULL_CONVERSION = YES;
				CLANG_WARN_OBJC_IMPLICIT_RETAIN_SELF = YES;
				CLANG_WARN_OBJC_LITERAL_CONVERSION = YES;
				CLANG_WARN_OBJC_ROOT_CLASS = YES_ERROR;
				CLANG_WARN_RANGE_LOOP_ANALYSIS = YES;
				CLANG_WARN_STRICT_PROTOTYPES = YES;
				CLANG_WARN_SUSPICIOUS_MOVE = YES;
				CLANG_WARN_UNGUARDED_AVAILABILITY = YES_AGGRESSIVE;
				CLANG_WARN_UNREACHABLE_CODE = YES;
				CLANG_WARN__DUPLICATE_METHOD_MATCH = YES;
				CODE_SIGN_IDENTITY = "iPhone Developer";
				COPY_PHASE_STRIP = NO;
				DEBUG_INFORMATION_FORMAT = dwarf;
				ENABLE_STRICT_OBJC_MSGSEND = YES;
				ENABLE_TESTABILITY = YES;
				GCC_C_LANGUAGE_STANDARD = gnu11;
				GCC_DYNAMIC_NO_PIC = NO;
				GCC_NO_COMMON_BLOCKS = YES;
				GCC_OPTIMIZATION_LEVEL = 0;
				GCC_PREPROCESSOR_DEFINITIONS = (
					"DEBUG=1",
					"$(inherited)",
				);
				GCC_WARN_64_TO_32_BIT_CONVERSION = YES;
				GCC_WARN_ABOUT_RETURN_TYPE = YES_ERROR;
				GCC_WARN_UNDECLARED_SELECTOR = YES;
				GCC_WARN_UNINITIALIZED_AUTOS = YES_AGGRESSIVE;
				GCC_WARN_UNUSED_FUNCTION = YES;
				GCC_WARN_UNUSED_VARIABLE = YES;
				IPHONEOS_DEPLOYMENT_TARGET = 11.4;
				MTL_ENABLE_DEBUG_INFO = YES;
				ONLY_ACTIVE_ARCH = YES;
				SDKROOT = iphoneos;
				SWIFT_ACTIVE_COMPILATION_CONDITIONS = DEBUG;
				SWIFT_OPTIMIZATION_LEVEL = "-Onone";
			};
			name = Debug;
		};
		4920016E20E902820002E6AC /* Release */ = {
			isa = XCBuildConfiguration;
			buildSettings = {
				ALWAYS_SEARCH_USER_PATHS = NO;
				CLANG_ANALYZER_NONNULL = YES;
				CLANG_ANALYZER_NUMBER_OBJECT_CONVERSION = YES_AGGRESSIVE;
				CLANG_CXX_LANGUAGE_STANDARD = "gnu++14";
				CLANG_CXX_LIBRARY = "libc++";
				CLANG_ENABLE_MODULES = YES;
				CLANG_ENABLE_OBJC_ARC = YES;
				CLANG_ENABLE_OBJC_WEAK = YES;
				CLANG_WARN_BLOCK_CAPTURE_AUTORELEASING = YES;
				CLANG_WARN_BOOL_CONVERSION = YES;
				CLANG_WARN_COMMA = YES;
				CLANG_WARN_CONSTANT_CONVERSION = YES;
				CLANG_WARN_DEPRECATED_OBJC_IMPLEMENTATIONS = YES;
				CLANG_WARN_DIRECT_OBJC_ISA_USAGE = YES_ERROR;
				CLANG_WARN_DOCUMENTATION_COMMENTS = YES;
				CLANG_WARN_EMPTY_BODY = YES;
				CLANG_WARN_ENUM_CONVERSION = YES;
				CLANG_WARN_INFINITE_RECURSION = YES;
				CLANG_WARN_INT_CONVERSION = YES;
				CLANG_WARN_NON_LITERAL_NULL_CONVERSION = YES;
				CLANG_WARN_OBJC_IMPLICIT_RETAIN_SELF = YES;
				CLANG_WARN_OBJC_LITERAL_CONVERSION = YES;
				CLANG_WARN_OBJC_ROOT_CLASS = YES_ERROR;
				CLANG_WARN_RANGE_LOOP_ANALYSIS = YES;
				CLANG_WARN_STRICT_PROTOTYPES = YES;
				CLANG_WARN_SUSPICIOUS_MOVE = YES;
				CLANG_WARN_UNGUARDED_AVAILABILITY = YES_AGGRESSIVE;
				CLANG_WARN_UNREACHABLE_CODE = YES;
				CLANG_WARN__DUPLICATE_METHOD_MATCH = YES;
				CODE_SIGN_IDENTITY = "iPhone Developer";
				COPY_PHASE_STRIP = NO;
				DEBUG_INFORMATION_FORMAT = "dwarf-with-dsym";
				ENABLE_NS_ASSERTIONS = NO;
				ENABLE_STRICT_OBJC_MSGSEND = YES;
				GCC_C_LANGUAGE_STANDARD = gnu11;
				GCC_NO_COMMON_BLOCKS = YES;
				GCC_WARN_64_TO_32_BIT_CONVERSION = YES;
				GCC_WARN_ABOUT_RETURN_TYPE = YES_ERROR;
				GCC_WARN_UNDECLARED_SELECTOR = YES;
				GCC_WARN_UNINITIALIZED_AUTOS = YES_AGGRESSIVE;
				GCC_WARN_UNUSED_FUNCTION = YES;
				GCC_WARN_UNUSED_VARIABLE = YES;
				IPHONEOS_DEPLOYMENT_TARGET = 11.4;
				MTL_ENABLE_DEBUG_INFO = NO;
				SDKROOT = iphoneos;
				SWIFT_COMPILATION_MODE = wholemodule;
				SWIFT_OPTIMIZATION_LEVEL = "-O";
				VALIDATE_PRODUCT = YES;
			};
			name = Release;
		};
		4920017020E902820002E6AC /* Debug */ = {
			isa = XCBuildConfiguration;
			baseConfigurationReference = E5235D48D60F34B9180F44E4 /* Pods-TesteDrConsultaRefactor.debug.xcconfig */;
			buildSettings = {
				ASSETCATALOG_COMPILER_APPICON_NAME = AppIcon;
				CODE_SIGN_STYLE = Automatic;
				DEVELOPMENT_TEAM = W2EVZPD948;
				INFOPLIST_FILE = TesteDrConsultaRefactor/Info.plist;
				LD_RUNPATH_SEARCH_PATHS = (
					"$(inherited)",
					"@executable_path/Frameworks",
				);
				PRODUCT_BUNDLE_IDENTIFIER = br.com.TesteDrConsultaRefactor;
				PRODUCT_NAME = "$(TARGET_NAME)";
				SWIFT_VERSION = 4.0;
				TARGETED_DEVICE_FAMILY = "1,2";
			};
			name = Debug;
		};
		4920017120E902820002E6AC /* Release */ = {
			isa = XCBuildConfiguration;
			baseConfigurationReference = 955B112782D9A0BAF8552D66 /* Pods-TesteDrConsultaRefactor.release.xcconfig */;
			buildSettings = {
				ASSETCATALOG_COMPILER_APPICON_NAME = AppIcon;
				CODE_SIGN_STYLE = Automatic;
				DEVELOPMENT_TEAM = W2EVZPD948;
				INFOPLIST_FILE = TesteDrConsultaRefactor/Info.plist;
				LD_RUNPATH_SEARCH_PATHS = (
					"$(inherited)",
					"@executable_path/Frameworks",
				);
				PRODUCT_BUNDLE_IDENTIFIER = br.com.TesteDrConsultaRefactor;
				PRODUCT_NAME = "$(TARGET_NAME)";
				SWIFT_VERSION = 4.0;
				TARGETED_DEVICE_FAMILY = "1,2";
			};
			name = Release;
		};
/* End XCBuildConfiguration section */

/* Begin XCConfigurationList section */
		4920015820E902800002E6AC /* Build configuration list for PBXProject "TesteDrConsultaRefactor" */ = {
			isa = XCConfigurationList;
			buildConfigurations = (
				4920016D20E902820002E6AC /* Debug */,
				4920016E20E902820002E6AC /* Release */,
			);
			defaultConfigurationIsVisible = 0;
			defaultConfigurationName = Release;
		};
		4920016F20E902820002E6AC /* Build configuration list for PBXNativeTarget "TesteDrConsultaRefactor" */ = {
			isa = XCConfigurationList;
			buildConfigurations = (
				4920017020E902820002E6AC /* Debug */,
				4920017120E902820002E6AC /* Release */,
			);
			defaultConfigurationIsVisible = 0;
			defaultConfigurationName = Release;
		};
/* End XCConfigurationList section */
	};
	rootObject = 4920015520E902800002E6AC /* Project object */;
}
